
Microsoft Visual Studio Solution File, Format Version 12.00
# Visual Studio Version 16
VisualStudioVersion = 16.0.29009.5
MinimumVisualStudioVersion = 10.0.40219.1
Project("{9A19103F-16F7-4668-BE54-9A1E7A4F7556}") = "Hangman.Blazor", "Hangman.Blazor\Hangman.Blazor.csproj", "{766BD958-28D9-491B-9363-6C501D3CC460}"
EndProject
Project("{FAE04EC0-301F-11D3-BF4B-00C04F79EFBC}") = "Hangman.Data", "Hangman.Data\Hangman.Data.csproj", "{16720485-22A1-4D89-ABD4-309B0A5A67EA}"
EndProject
Project("{FAE04EC0-301F-11D3-BF4B-00C04F79EFBC}") = "Hangman.Common", "Hangman.Common\Hangman.Common.csproj", "{4F50526B-E1F2-4987-97CD-3C02740ED8D8}"
EndProject
Project("{FAE04EC0-301F-11D3-BF4B-00C04F79EFBC}") = "Hangman.WebApi", "Hangman.WebApi\Hangman.WebApi.csproj", "{1435DE9C-FA32-4B4B-95C2-E6C41146A9AE}"
EndProject
Global
	GlobalSection(SolutionConfigurationPlatforms) = preSolution
		Debug|Any CPU = Debug|Any CPU
		Release|Any CPU = Release|Any CPU
	EndGlobalSection
	GlobalSection(ProjectConfigurationPlatforms) = postSolution
		{766BD958-28D9-491B-9363-6C501D3CC460}.Debug|Any CPU.ActiveCfg = Debug|Any CPU
		{766BD958-28D9-491B-9363-6C501D3CC460}.Debug|Any CPU.Build.0 = Debug|Any CPU
		{766BD958-28D9-491B-9363-6C501D3CC460}.Release|Any CPU.ActiveCfg = Release|Any CPU
		{766BD958-28D9-491B-9363-6C501D3CC460}.Release|Any CPU.Build.0 = Release|Any CPU
		{16720485-22A1-4D89-ABD4-309B0A5A67EA}.Debug|Any CPU.ActiveCfg = Debug|Any CPU
		{16720485-22A1-4D89-ABD4-309B0A5A67EA}.Debug|Any CPU.Build.0 = Debug|Any CPU
		{16720485-22A1-4D89-ABD4-309B0A5A67EA}.Release|Any CPU.ActiveCfg = Release|Any CPU
		{16720485-22A1-4D89-ABD4-309B0A5A67EA}.Release|Any CPU.Build.0 = Release|Any CPU
		{4F50526B-E1F2-4987-97CD-3C02740ED8D8}.Debug|Any CPU.ActiveCfg = Debug|Any CPU
		{4F50526B-E1F2-4987-97CD-3C02740ED8D8}.Debug|Any CPU.Build.0 = Debug|Any CPU
		{4F50526B-E1F2-4987-97CD-3C02740ED8D8}.Release|Any CPU.ActiveCfg = Release|Any CPU
		{4F50526B-E1F2-4987-97CD-3C02740ED8D8}.Release|Any CPU.Build.0 = Release|Any CPU
		{1435DE9C-FA32-4B4B-95C2-E6C41146A9AE}.Debug|Any CPU.ActiveCfg = Debug|Any CPU
		{1435DE9C-FA32-4B4B-95C2-E6C41146A9AE}.Debug|Any CPU.Build.0 = Debug|Any CPU
		{1435DE9C-FA32-4B4B-95C2-E6C41146A9AE}.Release|Any CPU.ActiveCfg = Release|Any CPU
		{1435DE9C-FA32-4B4B-95C2-E6C41146A9AE}.Release|Any CPU.Build.0 = Release|Any CPU
	EndGlobalSection
	GlobalSection(SolutionProperties) = preSolution
		HideSolutionNode = FALSE
	EndGlobalSection
	GlobalSection(ExtensibilityGlobals) = postSolution
		SolutionGuid = {693A13AE-3070-4FE4-AF4A-B402CA59A043}
	EndGlobalSection
EndGlobal
